// !$*UTF8*$!
{
	archiveVersion = 1;
	classes = {
	};
	objectVersion = 50;
	objects = {

/* Begin PBXBuildFile section */
		320C737A21AF9BA100AD34AB /* HomeBannerCell.swift in Sources */ = {isa = PBXBuildFile; fileRef = 320C737921AF9BA100AD34AB /* HomeBannerCell.swift */; };
		324F9D4E21B61619007E5280 /* HouseDetailsController.swift in Sources */ = {isa = PBXBuildFile; fileRef = 324F9D4D21B61619007E5280 /* HouseDetailsController.swift */; };
		324F9D5121B620BC007E5280 /* BaseTabBar.swift in Sources */ = {isa = PBXBuildFile; fileRef = 324F9D5021B620BC007E5280 /* BaseTabBar.swift */; };
		324F9D5321B65FDA007E5280 /* AppManager.swift in Sources */ = {isa = PBXBuildFile; fileRef = 324F9D5221B65FDA007E5280 /* AppManager.swift */; };
		324F9D5621B68337007E5280 /* PopupController.swift in Sources */ = {isa = PBXBuildFile; fileRef = 324F9D5521B68337007E5280 /* PopupController.swift */; };
		325F8BE321AE4289008812A0 /* AppDelegate.swift in Sources */ = {isa = PBXBuildFile; fileRef = 325F8BE221AE4289008812A0 /* AppDelegate.swift */; };
		325F8BEA21AE428C008812A0 /* Assets.xcassets in Resources */ = {isa = PBXBuildFile; fileRef = 325F8BE921AE428C008812A0 /* Assets.xcassets */; };
		325F8BED21AE428C008812A0 /* LaunchScreen.storyboard in Resources */ = {isa = PBXBuildFile; fileRef = 325F8BEB21AE428C008812A0 /* LaunchScreen.storyboard */; };
		325F8BF821AE428C008812A0 /* LookingForRoomTests.swift in Sources */ = {isa = PBXBuildFile; fileRef = 325F8BF721AE428C008812A0 /* LookingForRoomTests.swift */; };
		325F8C0321AE428C008812A0 /* LookingForRoomUITests.swift in Sources */ = {isa = PBXBuildFile; fileRef = 325F8C0221AE428C008812A0 /* LookingForRoomUITests.swift */; };
		325F8C3021AE448F008812A0 /* Home.storyboard in Resources */ = {isa = PBXBuildFile; fileRef = 325F8C1221AE448F008812A0 /* Home.storyboard */; };
		325F8C3121AE448F008812A0 /* HomeMainController.swift in Sources */ = {isa = PBXBuildFile; fileRef = 325F8C1521AE448F008812A0 /* HomeMainController.swift */; };
		325F8C3221AE448F008812A0 /* User.storyboard in Resources */ = {isa = PBXBuildFile; fileRef = 325F8C1721AE448F008812A0 /* User.storyboard */; };
		325F8C3321AE448F008812A0 /* UserMainController.swift in Sources */ = {isa = PBXBuildFile; fileRef = 325F8C1A21AE448F008812A0 /* UserMainController.swift */; };
		325F8C3421AE448F008812A0 /* Main.storyboard in Resources */ = {isa = PBXBuildFile; fileRef = 325F8C1C21AE448F008812A0 /* Main.storyboard */; };
		325F8C3521AE448F008812A0 /* Login.storyboard in Resources */ = {isa = PBXBuildFile; fileRef = 325F8C1F21AE448F008812A0 /* Login.storyboard */; };
		325F8C3621AE448F008812A0 /* LoginController.swift in Sources */ = {isa = PBXBuildFile; fileRef = 325F8C2121AE448F008812A0 /* LoginController.swift */; };
		325F8C3721AE448F008812A0 /* LoginNavigationController.swift in Sources */ = {isa = PBXBuildFile; fileRef = 325F8C2221AE448F008812A0 /* LoginNavigationController.swift */; };
		325F8C3821AE448F008812A0 /* BaseTabBarController.swift in Sources */ = {isa = PBXBuildFile; fileRef = 325F8C2521AE448F008812A0 /* BaseTabBarController.swift */; };
		325F8C3921AE448F008812A0 /* BaseViewController.swift in Sources */ = {isa = PBXBuildFile; fileRef = 325F8C2621AE448F008812A0 /* BaseViewController.swift */; };
		325F8C3A21AE448F008812A0 /* BaseNavigationController.swift in Sources */ = {isa = PBXBuildFile; fileRef = 325F8C2721AE448F008812A0 /* BaseNavigationController.swift */; };
		325F8C3B21AE448F008812A0 /* Service.swift in Sources */ = {isa = PBXBuildFile; fileRef = 325F8C2921AE448F008812A0 /* Service.swift */; };
		325F8C3C21AE448F008812A0 /* KeychainManager.swift in Sources */ = {isa = PBXBuildFile; fileRef = 325F8C2A21AE448F008812A0 /* KeychainManager.swift */; };
		325F8C3D21AE448F008812A0 /* LoginManager.swift in Sources */ = {isa = PBXBuildFile; fileRef = 325F8C2B21AE448F008812A0 /* LoginManager.swift */; };
		325F8C3E21AE448F008812A0 /* Internet.swift in Sources */ = {isa = PBXBuildFile; fileRef = 325F8C2D21AE448F008812A0 /* Internet.swift */; };
		325F8C3F21AE448F008812A0 /* String+Extension.swift in Sources */ = {isa = PBXBuildFile; fileRef = 325F8C2F21AE448F008812A0 /* String+Extension.swift */; };
		325F8C4121AE48A5008812A0 /* UIView+Extension.swift in Sources */ = {isa = PBXBuildFile; fileRef = 325F8C4021AE48A5008812A0 /* UIView+Extension.swift */; };
		325F8C4421AE6439008812A0 /* UserMainViewModel.swift in Sources */ = {isa = PBXBuildFile; fileRef = 325F8C4321AE6439008812A0 /* UserMainViewModel.swift */; };
		325F8C4721AE7323008812A0 /* HomeMainViewModel.swift in Sources */ = {isa = PBXBuildFile; fileRef = 325F8C4621AE7323008812A0 /* HomeMainViewModel.swift */; };
		327C29D821B4C155001AAB0C /* User.swift in Sources */ = {isa = PBXBuildFile; fileRef = 327C29D721B4C155001AAB0C /* User.swift */; };
		327C29DB21B4C456001AAB0C /* UserInfoCell.swift in Sources */ = {isa = PBXBuildFile; fileRef = 327C29DA21B4C456001AAB0C /* UserInfoCell.swift */; };
		327C29DF21B50F10001AAB0C /* ProgressDelegate.swift in Sources */ = {isa = PBXBuildFile; fileRef = 327C29DE21B50F10001AAB0C /* ProgressDelegate.swift */; };
		327C29E421B51ACA001AAB0C /* Refreshable.swift in Sources */ = {isa = PBXBuildFile; fileRef = 327C29E321B51ACA001AAB0C /* Refreshable.swift */; };
		327C29E621B52C57001AAB0C /* AppLocationManager.swift in Sources */ = {isa = PBXBuildFile; fileRef = 327C29E521B52C57001AAB0C /* AppLocationManager.swift */; };
		32822AF121B0E1F2000A75EE /* Date+Extension.swift in Sources */ = {isa = PBXBuildFile; fileRef = 32822AF021B0E1F2000A75EE /* Date+Extension.swift */; };
		32822AF321B0E411000A75EE /* RequestResult.swift in Sources */ = {isa = PBXBuildFile; fileRef = 32822AF221B0E411000A75EE /* RequestResult.swift */; };
		32822AF521B0EADD000A75EE /* House.swift in Sources */ = {isa = PBXBuildFile; fileRef = 32822AF421B0EADD000A75EE /* House.swift */; };
		32822AF821B10B4B000A75EE /* House+Extension.swift in Sources */ = {isa = PBXBuildFile; fileRef = 32822AF721B10B4B000A75EE /* House+Extension.swift */; };
		32822AFE21B115B7000A75EE /* Tag.swift in Sources */ = {isa = PBXBuildFile; fileRef = 32822AFD21B115B7000A75EE /* Tag.swift */; };
		32822B0021B11BC3000A75EE /* UIColor+Extension.swift in Sources */ = {isa = PBXBuildFile; fileRef = 32822AFF21B11BC3000A75EE /* UIColor+Extension.swift */; };
		32822B0321B12441000A75EE /* UIImageView+Extension.swift in Sources */ = {isa = PBXBuildFile; fileRef = 32822B0221B12441000A75EE /* UIImageView+Extension.swift */; };
		32B5A92121AFCB91000FA384 /* HomeNavigationCell.swift in Sources */ = {isa = PBXBuildFile; fileRef = 32B5A92021AFCB91000FA384 /* HomeNavigationCell.swift */; };
		32B5A92321AFD1D9000FA384 /* MarketCell.swift in Sources */ = {isa = PBXBuildFile; fileRef = 32B5A92221AFD1D9000FA384 /* MarketCell.swift */; };
		32B5A92521AFE46E000FA384 /* CheckMoreHouseCell.swift in Sources */ = {isa = PBXBuildFile; fileRef = 32B5A92421AFE46E000FA384 /* CheckMoreHouseCell.swift */; };
		32B5A92921AFE653000FA384 /* HouseCell.swift in Sources */ = {isa = PBXBuildFile; fileRef = 32B5A92721AFE653000FA384 /* HouseCell.swift */; };
		32B5A92A21AFE653000FA384 /* HouseCell.xib in Resources */ = {isa = PBXBuildFile; fileRef = 32B5A92821AFE653000FA384 /* HouseCell.xib */; };
		32B5A93321AFF13E000FA384 /* HouseTagCell.swift in Sources */ = {isa = PBXBuildFile; fileRef = 32B5A93121AFF13E000FA384 /* HouseTagCell.swift */; };
		32B5A93421AFF13E000FA384 /* HouseTagCell.xib in Resources */ = {isa = PBXBuildFile; fileRef = 32B5A93221AFF13E000FA384 /* HouseTagCell.xib */; };
		32B5A93621AFF7F4000FA384 /* CGFloat+Extension.swift in Sources */ = {isa = PBXBuildFile; fileRef = 32B5A93521AFF7F4000FA384 /* CGFloat+Extension.swift */; };
		32D99F2721B77B4E00960D6E /* Const.swift in Sources */ = {isa = PBXBuildFile; fileRef = 32D99F2621B77B4E00960D6E /* Const.swift */; };
		5956FE206C807163170913CF /* Pods_LookingForRoomTests.framework in Frameworks */ = {isa = PBXBuildFile; fileRef = 79B6768FEDAA918A6B17C38C /* Pods_LookingForRoomTests.framework */; };
		79B170A9D471F64AAABB659C /* Pods_LookingForRoom.framework in Frameworks */ = {isa = PBXBuildFile; fileRef = E80531A75806B168E53FE4A6 /* Pods_LookingForRoom.framework */; };
		AB6B0AFEBFF7E131C5990128 /* Pods_LookingForRoomUITests.framework in Frameworks */ = {isa = PBXBuildFile; fileRef = 2293E59C3C42C6091B9644EE /* Pods_LookingForRoomUITests.framework */; };
/* End PBXBuildFile section */

/* Begin PBXContainerItemProxy section */
		325F8BF421AE428C008812A0 /* PBXContainerItemProxy */ = {
			isa = PBXContainerItemProxy;
			containerPortal = 325F8BD721AE4289008812A0 /* Project object */;
			proxyType = 1;
			remoteGlobalIDString = 325F8BDE21AE4289008812A0;
			remoteInfo = LookingForRoom;
		};
		325F8BFF21AE428C008812A0 /* PBXContainerItemProxy */ = {
			isa = PBXContainerItemProxy;
			containerPortal = 325F8BD721AE4289008812A0 /* Project object */;
			proxyType = 1;
			remoteGlobalIDString = 325F8BDE21AE4289008812A0;
			remoteInfo = LookingForRoom;
		};
/* End PBXContainerItemProxy section */

/* Begin PBXFileReference section */
		2293E59C3C42C6091B9644EE /* Pods_LookingForRoomUITests.framework */ = {isa = PBXFileReference; explicitFileType = wrapper.framework; includeInIndex = 0; path = Pods_LookingForRoomUITests.framework; sourceTree = BUILT_PRODUCTS_DIR; };
		320C737921AF9BA100AD34AB /* HomeBannerCell.swift */ = {isa = PBXFileReference; lastKnownFileType = sourcecode.swift; path = HomeBannerCell.swift; sourceTree = "<group>"; };
		324F9D4D21B61619007E5280 /* HouseDetailsController.swift */ = {isa = PBXFileReference; lastKnownFileType = sourcecode.swift; path = HouseDetailsController.swift; sourceTree = "<group>"; };
		324F9D5021B620BC007E5280 /* BaseTabBar.swift */ = {isa = PBXFileReference; lastKnownFileType = sourcecode.swift; path = BaseTabBar.swift; sourceTree = "<group>"; };
		324F9D5221B65FDA007E5280 /* AppManager.swift */ = {isa = PBXFileReference; lastKnownFileType = sourcecode.swift; path = AppManager.swift; sourceTree = "<group>"; };
		324F9D5521B68337007E5280 /* PopupController.swift */ = {isa = PBXFileReference; lastKnownFileType = sourcecode.swift; path = PopupController.swift; sourceTree = "<group>"; };
		325F8BDF21AE4289008812A0 /* LookingForRoom.app */ = {isa = PBXFileReference; explicitFileType = wrapper.application; includeInIndex = 0; path = LookingForRoom.app; sourceTree = BUILT_PRODUCTS_DIR; };
		325F8BE221AE4289008812A0 /* AppDelegate.swift */ = {isa = PBXFileReference; lastKnownFileType = sourcecode.swift; path = AppDelegate.swift; sourceTree = "<group>"; };
		325F8BE921AE428C008812A0 /* Assets.xcassets */ = {isa = PBXFileReference; lastKnownFileType = folder.assetcatalog; path = Assets.xcassets; sourceTree = "<group>"; };
		325F8BEC21AE428C008812A0 /* Base */ = {isa = PBXFileReference; lastKnownFileType = file.storyboard; name = Base; path = Base.lproj/LaunchScreen.storyboard; sourceTree = "<group>"; };
		325F8BEE21AE428C008812A0 /* Info.plist */ = {isa = PBXFileReference; lastKnownFileType = text.plist.xml; path = Info.plist; sourceTree = "<group>"; };
		325F8BF321AE428C008812A0 /* LookingForRoomTests.xctest */ = {isa = PBXFileReference; explicitFileType = wrapper.cfbundle; includeInIndex = 0; path = LookingForRoomTests.xctest; sourceTree = BUILT_PRODUCTS_DIR; };
		325F8BF721AE428C008812A0 /* LookingForRoomTests.swift */ = {isa = PBXFileReference; lastKnownFileType = sourcecode.swift; path = LookingForRoomTests.swift; sourceTree = "<group>"; };
		325F8BF921AE428C008812A0 /* Info.plist */ = {isa = PBXFileReference; lastKnownFileType = text.plist.xml; path = Info.plist; sourceTree = "<group>"; };
		325F8BFE21AE428C008812A0 /* LookingForRoomUITests.xctest */ = {isa = PBXFileReference; explicitFileType = wrapper.cfbundle; includeInIndex = 0; path = LookingForRoomUITests.xctest; sourceTree = BUILT_PRODUCTS_DIR; };
		325F8C0221AE428C008812A0 /* LookingForRoomUITests.swift */ = {isa = PBXFileReference; lastKnownFileType = sourcecode.swift; path = LookingForRoomUITests.swift; sourceTree = "<group>"; };
		325F8C0421AE428C008812A0 /* Info.plist */ = {isa = PBXFileReference; lastKnownFileType = text.plist.xml; path = Info.plist; sourceTree = "<group>"; };
		325F8C1221AE448F008812A0 /* Home.storyboard */ = {isa = PBXFileReference; fileEncoding = 4; lastKnownFileType = file.storyboard; path = Home.storyboard; sourceTree = "<group>"; };
		325F8C1521AE448F008812A0 /* HomeMainController.swift */ = {isa = PBXFileReference; fileEncoding = 4; lastKnownFileType = sourcecode.swift; path = HomeMainController.swift; sourceTree = "<group>"; };
		325F8C1721AE448F008812A0 /* User.storyboard */ = {isa = PBXFileReference; fileEncoding = 4; lastKnownFileType = file.storyboard; path = User.storyboard; sourceTree = "<group>"; };
		325F8C1A21AE448F008812A0 /* UserMainController.swift */ = {isa = PBXFileReference; fileEncoding = 4; lastKnownFileType = sourcecode.swift; path = UserMainController.swift; sourceTree = "<group>"; };
		325F8C1D21AE448F008812A0 /* Base */ = {isa = PBXFileReference; lastKnownFileType = file.storyboard; name = Base; path = Base.lproj/Main.storyboard; sourceTree = "<group>"; };
		325F8C1F21AE448F008812A0 /* Login.storyboard */ = {isa = PBXFileReference; fileEncoding = 4; lastKnownFileType = file.storyboard; path = Login.storyboard; sourceTree = "<group>"; };
		325F8C2121AE448F008812A0 /* LoginController.swift */ = {isa = PBXFileReference; fileEncoding = 4; lastKnownFileType = sourcecode.swift; path = LoginController.swift; sourceTree = "<group>"; };
		325F8C2221AE448F008812A0 /* LoginNavigationController.swift */ = {isa = PBXFileReference; fileEncoding = 4; lastKnownFileType = sourcecode.swift; path = LoginNavigationController.swift; sourceTree = "<group>"; };
		325F8C2521AE448F008812A0 /* BaseTabBarController.swift */ = {isa = PBXFileReference; fileEncoding = 4; lastKnownFileType = sourcecode.swift; path = BaseTabBarController.swift; sourceTree = "<group>"; };
		325F8C2621AE448F008812A0 /* BaseViewController.swift */ = {isa = PBXFileReference; fileEncoding = 4; lastKnownFileType = sourcecode.swift; path = BaseViewController.swift; sourceTree = "<group>"; };
		325F8C2721AE448F008812A0 /* BaseNavigationController.swift */ = {isa = PBXFileReference; fileEncoding = 4; lastKnownFileType = sourcecode.swift; path = BaseNavigationController.swift; sourceTree = "<group>"; };
		325F8C2921AE448F008812A0 /* Service.swift */ = {isa = PBXFileReference; fileEncoding = 4; lastKnownFileType = sourcecode.swift; path = Service.swift; sourceTree = "<group>"; };
		325F8C2A21AE448F008812A0 /* KeychainManager.swift */ = {isa = PBXFileReference; fileEncoding = 4; lastKnownFileType = sourcecode.swift; path = KeychainManager.swift; sourceTree = "<group>"; };
		325F8C2B21AE448F008812A0 /* LoginManager.swift */ = {isa = PBXFileReference; fileEncoding = 4; lastKnownFileType = sourcecode.swift; path = LoginManager.swift; sourceTree = "<group>"; };
		325F8C2D21AE448F008812A0 /* Internet.swift */ = {isa = PBXFileReference; fileEncoding = 4; lastKnownFileType = sourcecode.swift; path = Internet.swift; sourceTree = "<group>"; };
		325F8C2F21AE448F008812A0 /* String+Extension.swift */ = {isa = PBXFileReference; fileEncoding = 4; lastKnownFileType = sourcecode.swift; path = "String+Extension.swift"; sourceTree = "<group>"; };
		325F8C4021AE48A5008812A0 /* UIView+Extension.swift */ = {isa = PBXFileReference; lastKnownFileType = sourcecode.swift; path = "UIView+Extension.swift"; sourceTree = "<group>"; };
		325F8C4321AE6439008812A0 /* UserMainViewModel.swift */ = {isa = PBXFileReference; lastKnownFileType = sourcecode.swift; path = UserMainViewModel.swift; sourceTree = "<group>"; };
		325F8C4621AE7323008812A0 /* HomeMainViewModel.swift */ = {isa = PBXFileReference; lastKnownFileType = sourcecode.swift; path = HomeMainViewModel.swift; sourceTree = "<group>"; };
		327C29D721B4C155001AAB0C /* User.swift */ = {isa = PBXFileReference; lastKnownFileType = sourcecode.swift; path = User.swift; sourceTree = "<group>"; };
		327C29DA21B4C456001AAB0C /* UserInfoCell.swift */ = {isa = PBXFileReference; lastKnownFileType = sourcecode.swift; path = UserInfoCell.swift; sourceTree = "<group>"; };
		327C29DE21B50F10001AAB0C /* ProgressDelegate.swift */ = {isa = PBXFileReference; lastKnownFileType = sourcecode.swift; path = ProgressDelegate.swift; sourceTree = "<group>"; };
		327C29E321B51ACA001AAB0C /* Refreshable.swift */ = {isa = PBXFileReference; lastKnownFileType = sourcecode.swift; path = Refreshable.swift; sourceTree = "<group>"; };
		327C29E521B52C57001AAB0C /* AppLocationManager.swift */ = {isa = PBXFileReference; lastKnownFileType = sourcecode.swift; path = AppLocationManager.swift; sourceTree = "<group>"; };
		32822AF021B0E1F2000A75EE /* Date+Extension.swift */ = {isa = PBXFileReference; lastKnownFileType = sourcecode.swift; path = "Date+Extension.swift"; sourceTree = "<group>"; };
		32822AF221B0E411000A75EE /* RequestResult.swift */ = {isa = PBXFileReference; lastKnownFileType = sourcecode.swift; path = RequestResult.swift; sourceTree = "<group>"; };
		32822AF421B0EADD000A75EE /* House.swift */ = {isa = PBXFileReference; lastKnownFileType = sourcecode.swift; path = House.swift; sourceTree = "<group>"; };
		32822AF721B10B4B000A75EE /* House+Extension.swift */ = {isa = PBXFileReference; lastKnownFileType = sourcecode.swift; path = "House+Extension.swift"; sourceTree = "<group>"; };
		32822AFD21B115B7000A75EE /* Tag.swift */ = {isa = PBXFileReference; lastKnownFileType = sourcecode.swift; path = Tag.swift; sourceTree = "<group>"; };
		32822AFF21B11BC3000A75EE /* UIColor+Extension.swift */ = {isa = PBXFileReference; lastKnownFileType = sourcecode.swift; path = "UIColor+Extension.swift"; sourceTree = "<group>"; };
		32822B0221B12441000A75EE /* UIImageView+Extension.swift */ = {isa = PBXFileReference; lastKnownFileType = sourcecode.swift; path = "UIImageView+Extension.swift"; sourceTree = "<group>"; };
		32B5A92021AFCB91000FA384 /* HomeNavigationCell.swift */ = {isa = PBXFileReference; lastKnownFileType = sourcecode.swift; path = HomeNavigationCell.swift; sourceTree = "<group>"; };
		32B5A92221AFD1D9000FA384 /* MarketCell.swift */ = {isa = PBXFileReference; lastKnownFileType = sourcecode.swift; path = MarketCell.swift; sourceTree = "<group>"; };
		32B5A92421AFE46E000FA384 /* CheckMoreHouseCell.swift */ = {isa = PBXFileReference; lastKnownFileType = sourcecode.swift; path = CheckMoreHouseCell.swift; sourceTree = "<group>"; };
		32B5A92721AFE653000FA384 /* HouseCell.swift */ = {isa = PBXFileReference; lastKnownFileType = sourcecode.swift; path = HouseCell.swift; sourceTree = "<group>"; };
		32B5A92821AFE653000FA384 /* HouseCell.xib */ = {isa = PBXFileReference; lastKnownFileType = file.xib; path = HouseCell.xib; sourceTree = "<group>"; };
		32B5A93121AFF13E000FA384 /* HouseTagCell.swift */ = {isa = PBXFileReference; lastKnownFileType = sourcecode.swift; path = HouseTagCell.swift; sourceTree = "<group>"; };
		32B5A93221AFF13E000FA384 /* HouseTagCell.xib */ = {isa = PBXFileReference; lastKnownFileType = file.xib; path = HouseTagCell.xib; sourceTree = "<group>"; };
		32B5A93521AFF7F4000FA384 /* CGFloat+Extension.swift */ = {isa = PBXFileReference; lastKnownFileType = sourcecode.swift; path = "CGFloat+Extension.swift"; sourceTree = "<group>"; };
		32D99F2621B77B4E00960D6E /* Const.swift */ = {isa = PBXFileReference; lastKnownFileType = sourcecode.swift; path = Const.swift; sourceTree = "<group>"; };
		3DA3BA37E2B89D9ED1662C4B /* Pods-LookingForRoom.release.xcconfig */ = {isa = PBXFileReference; includeInIndex = 1; lastKnownFileType = text.xcconfig; name = "Pods-LookingForRoom.release.xcconfig"; path = "Pods/Target Support Files/Pods-LookingForRoom/Pods-LookingForRoom.release.xcconfig"; sourceTree = "<group>"; };
		79B6768FEDAA918A6B17C38C /* Pods_LookingForRoomTests.framework */ = {isa = PBXFileReference; explicitFileType = wrapper.framework; includeInIndex = 0; path = Pods_LookingForRoomTests.framework; sourceTree = BUILT_PRODUCTS_DIR; };
		7B7B4D247CA727401024E1F0 /* Pods-LookingForRoom.debug.xcconfig */ = {isa = PBXFileReference; includeInIndex = 1; lastKnownFileType = text.xcconfig; name = "Pods-LookingForRoom.debug.xcconfig"; path = "Pods/Target Support Files/Pods-LookingForRoom/Pods-LookingForRoom.debug.xcconfig"; sourceTree = "<group>"; };
		9341DFDB6369F768C0E37917 /* Pods-LookingForRoomTests.release.xcconfig */ = {isa = PBXFileReference; includeInIndex = 1; lastKnownFileType = text.xcconfig; name = "Pods-LookingForRoomTests.release.xcconfig"; path = "Pods/Target Support Files/Pods-LookingForRoomTests/Pods-LookingForRoomTests.release.xcconfig"; sourceTree = "<group>"; };
		9EA7F9E37AACC52BA88194FD /* Pods-LookingForRoomUITests.debug.xcconfig */ = {isa = PBXFileReference; includeInIndex = 1; lastKnownFileType = text.xcconfig; name = "Pods-LookingForRoomUITests.debug.xcconfig"; path = "Pods/Target Support Files/Pods-LookingForRoomUITests/Pods-LookingForRoomUITests.debug.xcconfig"; sourceTree = "<group>"; };
		B8D7EB465D6723FD0AB26AB0 /* Pods-LookingForRoomUITests.release.xcconfig */ = {isa = PBXFileReference; includeInIndex = 1; lastKnownFileType = text.xcconfig; name = "Pods-LookingForRoomUITests.release.xcconfig"; path = "Pods/Target Support Files/Pods-LookingForRoomUITests/Pods-LookingForRoomUITests.release.xcconfig"; sourceTree = "<group>"; };
		E80531A75806B168E53FE4A6 /* Pods_LookingForRoom.framework */ = {isa = PBXFileReference; explicitFileType = wrapper.framework; includeInIndex = 0; path = Pods_LookingForRoom.framework; sourceTree = BUILT_PRODUCTS_DIR; };
		FD1EE194F8C35CB206E822D3 /* Pods-LookingForRoomTests.debug.xcconfig */ = {isa = PBXFileReference; includeInIndex = 1; lastKnownFileType = text.xcconfig; name = "Pods-LookingForRoomTests.debug.xcconfig"; path = "Pods/Target Support Files/Pods-LookingForRoomTests/Pods-LookingForRoomTests.debug.xcconfig"; sourceTree = "<group>"; };
/* End PBXFileReference section */

/* Begin PBXFrameworksBuildPhase section */
		325F8BDC21AE4289008812A0 /* Frameworks */ = {
			isa = PBXFrameworksBuildPhase;
			buildActionMask = 2147483647;
			files = (
				79B170A9D471F64AAABB659C /* Pods_LookingForRoom.framework in Frameworks */,
			);
			runOnlyForDeploymentPostprocessing = 0;
		};
		325F8BF021AE428C008812A0 /* Frameworks */ = {
			isa = PBXFrameworksBuildPhase;
			buildActionMask = 2147483647;
			files = (
				5956FE206C807163170913CF /* Pods_LookingForRoomTests.framework in Frameworks */,
			);
			runOnlyForDeploymentPostprocessing = 0;
		};
		325F8BFB21AE428C008812A0 /* Frameworks */ = {
			isa = PBXFrameworksBuildPhase;
			buildActionMask = 2147483647;
			files = (
				AB6B0AFEBFF7E131C5990128 /* Pods_LookingForRoomUITests.framework in Frameworks */,
			);
			runOnlyForDeploymentPostprocessing = 0;
		};
/* End PBXFrameworksBuildPhase section */

/* Begin PBXGroup section */
		2EBAF8CEA0752EF0D58BE101 /* Frameworks */ = {
			isa = PBXGroup;
			children = (
				E80531A75806B168E53FE4A6 /* Pods_LookingForRoom.framework */,
				79B6768FEDAA918A6B17C38C /* Pods_LookingForRoomTests.framework */,
				2293E59C3C42C6091B9644EE /* Pods_LookingForRoomUITests.framework */,
			);
			name = Frameworks;
			sourceTree = "<group>";
		};
		320C737821AF9ADE00AD34AB /* View */ = {
			isa = PBXGroup;
			children = (
				320C737921AF9BA100AD34AB /* HomeBannerCell.swift */,
				32B5A92021AFCB91000FA384 /* HomeNavigationCell.swift */,
				32B5A92221AFD1D9000FA384 /* MarketCell.swift */,
				32B5A92421AFE46E000FA384 /* CheckMoreHouseCell.swift */,
			);
			path = View;
			sourceTree = "<group>";
		};
		324F9D4B21B615D7007E5280 /* HouseDetails */ = {
			isa = PBXGroup;
			children = (
				324F9D4C21B615F8007E5280 /* Controller */,
			);
			path = HouseDetails;
			sourceTree = "<group>";
		};
		324F9D4C21B615F8007E5280 /* Controller */ = {
			isa = PBXGroup;
			children = (
				324F9D4D21B61619007E5280 /* HouseDetailsController.swift */,
			);
			path = Controller;
			sourceTree = "<group>";
		};
		324F9D4F21B620A7007E5280 /* View */ = {
			isa = PBXGroup;
			children = (
				324F9D5021B620BC007E5280 /* BaseTabBar.swift */,
			);
			path = View;
			sourceTree = "<group>";
		};
		324F9D5421B682D7007E5280 /* Controller */ = {
			isa = PBXGroup;
			children = (
				324F9D5521B68337007E5280 /* PopupController.swift */,
			);
			path = Controller;
			sourceTree = "<group>";
		};
		325F8BD621AE4289008812A0 = {
			isa = PBXGroup;
			children = (
				325F8BE121AE4289008812A0 /* LookingForRoom */,
				325F8BF621AE428C008812A0 /* LookingForRoomTests */,
				325F8C0121AE428C008812A0 /* LookingForRoomUITests */,
				325F8BE021AE4289008812A0 /* Products */,
				DE70CAB474036565897A0A7B /* Pods */,
				2EBAF8CEA0752EF0D58BE101 /* Frameworks */,
			);
			sourceTree = "<group>";
		};
		325F8BE021AE4289008812A0 /* Products */ = {
			isa = PBXGroup;
			children = (
				325F8BDF21AE4289008812A0 /* LookingForRoom.app */,
				325F8BF321AE428C008812A0 /* LookingForRoomTests.xctest */,
				325F8BFE21AE428C008812A0 /* LookingForRoomUITests.xctest */,
			);
			name = Products;
			sourceTree = "<group>";
		};
		325F8BE121AE4289008812A0 /* LookingForRoom */ = {
			isa = PBXGroup;
			children = (
				325F8C2821AE448F008812A0 /* BaseModule */,
				325F8C1021AE448F008812A0 /* BusinessModule */,
				325F8C2E21AE448F008812A0 /* Extension */,
				325F8BE221AE4289008812A0 /* AppDelegate.swift */,
				325F8BE921AE428C008812A0 /* Assets.xcassets */,
				325F8BEB21AE428C008812A0 /* LaunchScreen.storyboard */,
				325F8BEE21AE428C008812A0 /* Info.plist */,
			);
			path = LookingForRoom;
			sourceTree = "<group>";
		};
		325F8BF621AE428C008812A0 /* LookingForRoomTests */ = {
			isa = PBXGroup;
			children = (
				325F8BF721AE428C008812A0 /* LookingForRoomTests.swift */,
				325F8BF921AE428C008812A0 /* Info.plist */,
			);
			path = LookingForRoomTests;
			sourceTree = "<group>";
		};
		325F8C0121AE428C008812A0 /* LookingForRoomUITests */ = {
			isa = PBXGroup;
			children = (
				325F8C0221AE428C008812A0 /* LookingForRoomUITests.swift */,
				325F8C0421AE428C008812A0 /* Info.plist */,
			);
			path = LookingForRoomUITests;
			sourceTree = "<group>";
		};
		325F8C1021AE448F008812A0 /* BusinessModule */ = {
			isa = PBXGroup;
			children = (
				325F8C1121AE448F008812A0 /* Home */,
				325F8C1621AE448F008812A0 /* User */,
				325F8C1B21AE448F008812A0 /* Root */,
				325F8C1E21AE448F008812A0 /* Login */,
				325F8C2321AE448F008812A0 /* Base */,
			);
			path = BusinessModule;
			sourceTree = "<group>";
		};
		325F8C1121AE448F008812A0 /* Home */ = {
			isa = PBXGroup;
			children = (
				324F9D4B21B615D7007E5280 /* HouseDetails */,
				325F8C1221AE448F008812A0 /* Home.storyboard */,
				325F8C1321AE448F008812A0 /* Main */,
			);
			path = Home;
			sourceTree = "<group>";
		};
		325F8C1321AE448F008812A0 /* Main */ = {
			isa = PBXGroup;
			children = (
				320C737821AF9ADE00AD34AB /* View */,
				325F8C4521AE7307008812A0 /* ViewModel */,
				325F8C1421AE448F008812A0 /* Controller */,
			);
			path = Main;
			sourceTree = "<group>";
		};
		325F8C1421AE448F008812A0 /* Controller */ = {
			isa = PBXGroup;
			children = (
				325F8C1521AE448F008812A0 /* HomeMainController.swift */,
			);
			path = Controller;
			sourceTree = "<group>";
		};
		325F8C1621AE448F008812A0 /* User */ = {
			isa = PBXGroup;
			children = (
				325F8C1721AE448F008812A0 /* User.storyboard */,
				325F8C1821AE448F008812A0 /* Main */,
			);
			path = User;
			sourceTree = "<group>";
		};
		325F8C1821AE448F008812A0 /* Main */ = {
			isa = PBXGroup;
			children = (
				327C29D921B4C434001AAB0C /* View */,
				325F8C4221AE6422008812A0 /* ViewModel */,
				325F8C1921AE448F008812A0 /* Controller */,
			);
			path = Main;
			sourceTree = "<group>";
		};
		325F8C1921AE448F008812A0 /* Controller */ = {
			isa = PBXGroup;
			children = (
				325F8C1A21AE448F008812A0 /* UserMainController.swift */,
			);
			path = Controller;
			sourceTree = "<group>";
		};
		325F8C1B21AE448F008812A0 /* Root */ = {
			isa = PBXGroup;
			children = (
				325F8C1C21AE448F008812A0 /* Main.storyboard */,
			);
			path = Root;
			sourceTree = "<group>";
		};
		325F8C1E21AE448F008812A0 /* Login */ = {
			isa = PBXGroup;
			children = (
				325F8C1F21AE448F008812A0 /* Login.storyboard */,
				325F8C2021AE448F008812A0 /* Contorller */,
			);
			path = Login;
			sourceTree = "<group>";
		};
		325F8C2021AE448F008812A0 /* Contorller */ = {
			isa = PBXGroup;
			children = (
				325F8C2121AE448F008812A0 /* LoginController.swift */,
				325F8C2221AE448F008812A0 /* LoginNavigationController.swift */,
			);
			path = Contorller;
			sourceTree = "<group>";
		};
		325F8C2321AE448F008812A0 /* Base */ = {
			isa = PBXGroup;
			children = (
				324F9D4F21B620A7007E5280 /* View */,
				325F8C2421AE448F008812A0 /* Controller */,
			);
			path = Base;
			sourceTree = "<group>";
		};
		325F8C2421AE448F008812A0 /* Controller */ = {
			isa = PBXGroup;
			children = (
				325F8C2521AE448F008812A0 /* BaseTabBarController.swift */,
				325F8C2621AE448F008812A0 /* BaseViewController.swift */,
				325F8C2721AE448F008812A0 /* BaseNavigationController.swift */,
			);
			path = Controller;
			sourceTree = "<group>";
		};
		325F8C2821AE448F008812A0 /* BaseModule */ = {
			isa = PBXGroup;
			children = (
				324F9D5421B682D7007E5280 /* Controller */,
				327C29E221B51A9B001AAB0C /* Manager */,
				325F8C2C21AE448F008812A0 /* Model */,
				32B5A92621AFE622000FA384 /* View */,
				32D99F2621B77B4E00960D6E /* Const.swift */,
				325F8C2921AE448F008812A0 /* Service.swift */,
				327C29DE21B50F10001AAB0C /* ProgressDelegate.swift */,
				327C29E321B51ACA001AAB0C /* Refreshable.swift */,
			);
			path = BaseModule;
			sourceTree = "<group>";
		};
		325F8C2C21AE448F008812A0 /* Model */ = {
			isa = PBXGroup;
			children = (
				32822AF621B10B2B000A75EE /* Extension */,
				325F8C2D21AE448F008812A0 /* Internet.swift */,
				32822AF221B0E411000A75EE /* RequestResult.swift */,
				32822AF421B0EADD000A75EE /* House.swift */,
				32822AFD21B115B7000A75EE /* Tag.swift */,
				327C29D721B4C155001AAB0C /* User.swift */,
			);
			path = Model;
			sourceTree = "<group>";
		};
		325F8C2E21AE448F008812A0 /* Extension */ = {
			isa = PBXGroup;
			children = (
				325F8C2F21AE448F008812A0 /* String+Extension.swift */,
				325F8C4021AE48A5008812A0 /* UIView+Extension.swift */,
				32B5A93521AFF7F4000FA384 /* CGFloat+Extension.swift */,
				32822AF021B0E1F2000A75EE /* Date+Extension.swift */,
				32822AFF21B11BC3000A75EE /* UIColor+Extension.swift */,
				32822B0221B12441000A75EE /* UIImageView+Extension.swift */,
			);
			path = Extension;
			sourceTree = "<group>";
		};
		325F8C4221AE6422008812A0 /* ViewModel */ = {
			isa = PBXGroup;
			children = (
				325F8C4321AE6439008812A0 /* UserMainViewModel.swift */,
			);
			path = ViewModel;
			sourceTree = "<group>";
		};
		325F8C4521AE7307008812A0 /* ViewModel */ = {
			isa = PBXGroup;
			children = (
				325F8C4621AE7323008812A0 /* HomeMainViewModel.swift */,
			);
			path = ViewModel;
			sourceTree = "<group>";
		};
		327C29D921B4C434001AAB0C /* View */ = {
			isa = PBXGroup;
			children = (
				327C29DA21B4C456001AAB0C /* UserInfoCell.swift */,
			);
			path = View;
			sourceTree = "<group>";
		};
		327C29E221B51A9B001AAB0C /* Manager */ = {
			isa = PBXGroup;
			children = (
				325F8C2A21AE448F008812A0 /* KeychainManager.swift */,
				325F8C2B21AE448F008812A0 /* LoginManager.swift */,
				327C29E521B52C57001AAB0C /* AppLocationManager.swift */,
				324F9D5221B65FDA007E5280 /* AppManager.swift */,
			);
			path = Manager;
			sourceTree = "<group>";
		};
		32822AF621B10B2B000A75EE /* Extension */ = {
			isa = PBXGroup;
			children = (
				32822AF721B10B4B000A75EE /* House+Extension.swift */,
			);
			path = Extension;
			sourceTree = "<group>";
		};
		32B5A92621AFE622000FA384 /* View */ = {
			isa = PBXGroup;
			children = (
				32B5A92C21AFF09C000FA384 /* CollectionViewCell */,
				32B5A92B21AFEFDB000FA384 /* TableViewCell */,
			);
			path = View;
			sourceTree = "<group>";
		};
		32B5A92B21AFEFDB000FA384 /* TableViewCell */ = {
			isa = PBXGroup;
			children = (
				32B5A92721AFE653000FA384 /* HouseCell.swift */,
				32B5A92821AFE653000FA384 /* HouseCell.xib */,
			);
			path = TableViewCell;
			sourceTree = "<group>";
		};
		32B5A92C21AFF09C000FA384 /* CollectionViewCell */ = {
			isa = PBXGroup;
			children = (
				32B5A93121AFF13E000FA384 /* HouseTagCell.swift */,
				32B5A93221AFF13E000FA384 /* HouseTagCell.xib */,
			);
			path = CollectionViewCell;
			sourceTree = "<group>";
		};
		DE70CAB474036565897A0A7B /* Pods */ = {
			isa = PBXGroup;
			children = (
				7B7B4D247CA727401024E1F0 /* Pods-LookingForRoom.debug.xcconfig */,
				3DA3BA37E2B89D9ED1662C4B /* Pods-LookingForRoom.release.xcconfig */,
				FD1EE194F8C35CB206E822D3 /* Pods-LookingForRoomTests.debug.xcconfig */,
				9341DFDB6369F768C0E37917 /* Pods-LookingForRoomTests.release.xcconfig */,
				9EA7F9E37AACC52BA88194FD /* Pods-LookingForRoomUITests.debug.xcconfig */,
				B8D7EB465D6723FD0AB26AB0 /* Pods-LookingForRoomUITests.release.xcconfig */,
			);
			name = Pods;
			sourceTree = "<group>";
		};
/* End PBXGroup section */

/* Begin PBXNativeTarget section */
		325F8BDE21AE4289008812A0 /* LookingForRoom */ = {
			isa = PBXNativeTarget;
			buildConfigurationList = 325F8C0721AE428C008812A0 /* Build configuration list for PBXNativeTarget "LookingForRoom" */;
			buildPhases = (
				5C59705447282EC94063C54E /* [CP] Check Pods Manifest.lock */,
				325F8BDB21AE4289008812A0 /* Sources */,
				325F8BDC21AE4289008812A0 /* Frameworks */,
				325F8BDD21AE4289008812A0 /* Resources */,
				4D5F974E505BD998B3152BA2 /* [CP] Embed Pods Frameworks */,
			);
			buildRules = (
			);
			dependencies = (
			);
			name = LookingForRoom;
			productName = LookingForRoom;
			productReference = 325F8BDF21AE4289008812A0 /* LookingForRoom.app */;
			productType = "com.apple.product-type.application";
		};
		325F8BF221AE428C008812A0 /* LookingForRoomTests */ = {
			isa = PBXNativeTarget;
			buildConfigurationList = 325F8C0A21AE428C008812A0 /* Build configuration list for PBXNativeTarget "LookingForRoomTests" */;
			buildPhases = (
				55D6BDF76324971EC34D49F0 /* [CP] Check Pods Manifest.lock */,
				325F8BEF21AE428C008812A0 /* Sources */,
				325F8BF021AE428C008812A0 /* Frameworks */,
				325F8BF121AE428C008812A0 /* Resources */,
			);
			buildRules = (
			);
			dependencies = (
				325F8BF521AE428C008812A0 /* PBXTargetDependency */,
			);
			name = LookingForRoomTests;
			productName = LookingForRoomTests;
			productReference = 325F8BF321AE428C008812A0 /* LookingForRoomTests.xctest */;
			productType = "com.apple.product-type.bundle.unit-test";
		};
		325F8BFD21AE428C008812A0 /* LookingForRoomUITests */ = {
			isa = PBXNativeTarget;
			buildConfigurationList = 325F8C0D21AE428C008812A0 /* Build configuration list for PBXNativeTarget "LookingForRoomUITests" */;
			buildPhases = (
				536478D4DA81B689518E14BC /* [CP] Check Pods Manifest.lock */,
				325F8BFA21AE428C008812A0 /* Sources */,
				325F8BFB21AE428C008812A0 /* Frameworks */,
				325F8BFC21AE428C008812A0 /* Resources */,
			);
			buildRules = (
			);
			dependencies = (
				325F8C0021AE428C008812A0 /* PBXTargetDependency */,
			);
			name = LookingForRoomUITests;
			productName = LookingForRoomUITests;
			productReference = 325F8BFE21AE428C008812A0 /* LookingForRoomUITests.xctest */;
			productType = "com.apple.product-type.bundle.ui-testing";
		};
/* End PBXNativeTarget section */

/* Begin PBXProject section */
		325F8BD721AE4289008812A0 /* Project object */ = {
			isa = PBXProject;
			attributes = {
				LastSwiftUpdateCheck = 1010;
				LastUpgradeCheck = 1010;
				ORGANIZATIONNAME = Zhu;
				TargetAttributes = {
					325F8BDE21AE4289008812A0 = {
						CreatedOnToolsVersion = 10.1;
					};
					325F8BF221AE428C008812A0 = {
						CreatedOnToolsVersion = 10.1;
						TestTargetID = 325F8BDE21AE4289008812A0;
					};
					325F8BFD21AE428C008812A0 = {
						CreatedOnToolsVersion = 10.1;
						TestTargetID = 325F8BDE21AE4289008812A0;
					};
				};
			};
			buildConfigurationList = 325F8BDA21AE4289008812A0 /* Build configuration list for PBXProject "LookingForRoom" */;
			compatibilityVersion = "Xcode 9.3";
			developmentRegion = en;
			hasScannedForEncodings = 0;
			knownRegions = (
				en,
				Base,
			);
			mainGroup = 325F8BD621AE4289008812A0;
			productRefGroup = 325F8BE021AE4289008812A0 /* Products */;
			projectDirPath = "";
			projectRoot = "";
			targets = (
				325F8BDE21AE4289008812A0 /* LookingForRoom */,
				325F8BF221AE428C008812A0 /* LookingForRoomTests */,
				325F8BFD21AE428C008812A0 /* LookingForRoomUITests */,
			);
		};
/* End PBXProject section */

/* Begin PBXResourcesBuildPhase section */
		325F8BDD21AE4289008812A0 /* Resources */ = {
			isa = PBXResourcesBuildPhase;
			buildActionMask = 2147483647;
			files = (
				325F8BED21AE428C008812A0 /* LaunchScreen.storyboard in Resources */,
				32B5A93421AFF13E000FA384 /* HouseTagCell.xib in Resources */,
				325F8C3221AE448F008812A0 /* User.storyboard in Resources */,
				325F8C3521AE448F008812A0 /* Login.storyboard in Resources */,
				325F8BEA21AE428C008812A0 /* Assets.xcassets in Resources */,
				32B5A92A21AFE653000FA384 /* HouseCell.xib in Resources */,
				325F8C3421AE448F008812A0 /* Main.storyboard in Resources */,
				325F8C3021AE448F008812A0 /* Home.storyboard in Resources */,
			);
			runOnlyForDeploymentPostprocessing = 0;
		};
		325F8BF121AE428C008812A0 /* Resources */ = {
			isa = PBXResourcesBuildPhase;
			buildActionMask = 2147483647;
			files = (
			);
			runOnlyForDeploymentPostprocessing = 0;
		};
		325F8BFC21AE428C008812A0 /* Resources */ = {
			isa = PBXResourcesBuildPhase;
			buildActionMask = 2147483647;
			files = (
			);
			runOnlyForDeploymentPostprocessing = 0;
		};
/* End PBXResourcesBuildPhase section */

/* Begin PBXShellScriptBuildPhase section */
		4D5F974E505BD998B3152BA2 /* [CP] Embed Pods Frameworks */ = {
			isa = PBXShellScriptBuildPhase;
			buildActionMask = 2147483647;
			files = (
			);
			inputFileListPaths = (
			);
			inputPaths = (
				"${SRCROOT}/Pods/Target Support Files/Pods-LookingForRoom/Pods-LookingForRoom-frameworks.sh",
				"${BUILT_PRODUCTS_DIR}/Alamofire/Alamofire.framework",
				"${BUILT_PRODUCTS_DIR}/Kingfisher/Kingfisher.framework",
				"${BUILT_PRODUCTS_DIR}/MBProgressHUD/MBProgressHUD.framework",
				"${BUILT_PRODUCTS_DIR}/MJRefresh/MJRefresh.framework",
				"${BUILT_PRODUCTS_DIR}/Moya/Moya.framework",
				"${BUILT_PRODUCTS_DIR}/ObjectMapper/ObjectMapper.framework",
				"${BUILT_PRODUCTS_DIR}/Result/Result.framework",
			);
			name = "[CP] Embed Pods Frameworks";
			outputFileListPaths = (
			);
			outputPaths = (
				"${TARGET_BUILD_DIR}/${FRAMEWORKS_FOLDER_PATH}/Alamofire.framework",
				"${TARGET_BUILD_DIR}/${FRAMEWORKS_FOLDER_PATH}/Kingfisher.framework",
				"${TARGET_BUILD_DIR}/${FRAMEWORKS_FOLDER_PATH}/MBProgressHUD.framework",
				"${TARGET_BUILD_DIR}/${FRAMEWORKS_FOLDER_PATH}/MJRefresh.framework",
				"${TARGET_BUILD_DIR}/${FRAMEWORKS_FOLDER_PATH}/Moya.framework",
				"${TARGET_BUILD_DIR}/${FRAMEWORKS_FOLDER_PATH}/ObjectMapper.framework",
				"${TARGET_BUILD_DIR}/${FRAMEWORKS_FOLDER_PATH}/Result.framework",
			);
			runOnlyForDeploymentPostprocessing = 0;
			shellPath = /bin/sh;
			shellScript = "\"${SRCROOT}/Pods/Target Support Files/Pods-LookingForRoom/Pods-LookingForRoom-frameworks.sh\"\n";
			showEnvVarsInLog = 0;
		};
		536478D4DA81B689518E14BC /* [CP] Check Pods Manifest.lock */ = {
			isa = PBXShellScriptBuildPhase;
			buildActionMask = 2147483647;
			files = (
			);
			inputFileListPaths = (
			);
			inputPaths = (
				"${PODS_PODFILE_DIR_PATH}/Podfile.lock",
				"${PODS_ROOT}/Manifest.lock",
			);
			name = "[CP] Check Pods Manifest.lock";
			outputFileListPaths = (
			);
			outputPaths = (
				"$(DERIVED_FILE_DIR)/Pods-LookingForRoomUITests-checkManifestLockResult.txt",
			);
			runOnlyForDeploymentPostprocessing = 0;
			shellPath = /bin/sh;
			shellScript = "diff \"${PODS_PODFILE_DIR_PATH}/Podfile.lock\" \"${PODS_ROOT}/Manifest.lock\" > /dev/null\nif [ $? != 0 ] ; then\n    # print error to STDERR\n    echo \"error: The sandbox is not in sync with the Podfile.lock. Run 'pod install' or update your CocoaPods installation.\" >&2\n    exit 1\nfi\n# This output is used by Xcode 'outputs' to avoid re-running this script phase.\necho \"SUCCESS\" > \"${SCRIPT_OUTPUT_FILE_0}\"\n";
			showEnvVarsInLog = 0;
		};
		55D6BDF76324971EC34D49F0 /* [CP] Check Pods Manifest.lock */ = {
			isa = PBXShellScriptBuildPhase;
			buildActionMask = 2147483647;
			files = (
			);
			inputFileListPaths = (
			);
			inputPaths = (
				"${PODS_PODFILE_DIR_PATH}/Podfile.lock",
				"${PODS_ROOT}/Manifest.lock",
			);
			name = "[CP] Check Pods Manifest.lock";
			outputFileListPaths = (
			);
			outputPaths = (
				"$(DERIVED_FILE_DIR)/Pods-LookingForRoomTests-checkManifestLockResult.txt",
			);
			runOnlyForDeploymentPostprocessing = 0;
			shellPath = /bin/sh;
			shellScript = "diff \"${PODS_PODFILE_DIR_PATH}/Podfile.lock\" \"${PODS_ROOT}/Manifest.lock\" > /dev/null\nif [ $? != 0 ] ; then\n    # print error to STDERR\n    echo \"error: The sandbox is not in sync with the Podfile.lock. Run 'pod install' or update your CocoaPods installation.\" >&2\n    exit 1\nfi\n# This output is used by Xcode 'outputs' to avoid re-running this script phase.\necho \"SUCCESS\" > \"${SCRIPT_OUTPUT_FILE_0}\"\n";
			showEnvVarsInLog = 0;
		};
		5C59705447282EC94063C54E /* [CP] Check Pods Manifest.lock */ = {
			isa = PBXShellScriptBuildPhase;
			buildActionMask = 2147483647;
			files = (
			);
			inputFileListPaths = (
			);
			inputPaths = (
				"${PODS_PODFILE_DIR_PATH}/Podfile.lock",
				"${PODS_ROOT}/Manifest.lock",
			);
			name = "[CP] Check Pods Manifest.lock";
			outputFileListPaths = (
			);
			outputPaths = (
				"$(DERIVED_FILE_DIR)/Pods-LookingForRoom-checkManifestLockResult.txt",
			);
			runOnlyForDeploymentPostprocessing = 0;
			shellPath = /bin/sh;
			shellScript = "diff \"${PODS_PODFILE_DIR_PATH}/Podfile.lock\" \"${PODS_ROOT}/Manifest.lock\" > /dev/null\nif [ $? != 0 ] ; then\n    # print error to STDERR\n    echo \"error: The sandbox is not in sync with the Podfile.lock. Run 'pod install' or update your CocoaPods installation.\" >&2\n    exit 1\nfi\n# This output is used by Xcode 'outputs' to avoid re-running this script phase.\necho \"SUCCESS\" > \"${SCRIPT_OUTPUT_FILE_0}\"\n";
			showEnvVarsInLog = 0;
		};
/* End PBXShellScriptBuildPhase section */

/* Begin PBXSourcesBuildPhase section */
		325F8BDB21AE4289008812A0 /* Sources */ = {
			isa = PBXSourcesBuildPhase;
			buildActionMask = 2147483647;
			files = (
				32822B0321B12441000A75EE /* UIImageView+Extension.swift in Sources */,
				32B5A92521AFE46E000FA384 /* CheckMoreHouseCell.swift in Sources */,
				32B5A92121AFCB91000FA384 /* HomeNavigationCell.swift in Sources */,
				32822AF821B10B4B000A75EE /* House+Extension.swift in Sources */,
				327C29D821B4C155001AAB0C /* User.swift in Sources */,
				32822AF521B0EADD000A75EE /* House.swift in Sources */,
				325F8C3821AE448F008812A0 /* BaseTabBarController.swift in Sources */,
				325F8C3721AE448F008812A0 /* LoginNavigationController.swift in Sources */,
				325F8BE321AE4289008812A0 /* AppDelegate.swift in Sources */,
				32822AF321B0E411000A75EE /* RequestResult.swift in Sources */,
				32822AF121B0E1F2000A75EE /* Date+Extension.swift in Sources */,
				325F8C3121AE448F008812A0 /* HomeMainController.swift in Sources */,
				325F8C3D21AE448F008812A0 /* LoginManager.swift in Sources */,
				32B5A92321AFD1D9000FA384 /* MarketCell.swift in Sources */,
				325F8C3A21AE448F008812A0 /* BaseNavigationController.swift in Sources */,
				325F8C3C21AE448F008812A0 /* KeychainManager.swift in Sources */,
				325F8C3F21AE448F008812A0 /* String+Extension.swift in Sources */,
				327C29E621B52C57001AAB0C /* AppLocationManager.swift in Sources */,
				325F8C4121AE48A5008812A0 /* UIView+Extension.swift in Sources */,
				325F8C3921AE448F008812A0 /* BaseViewController.swift in Sources */,
				325F8C3B21AE448F008812A0 /* Service.swift in Sources */,
				325F8C3321AE448F008812A0 /* UserMainController.swift in Sources */,
				32822B0021B11BC3000A75EE /* UIColor+Extension.swift in Sources */,
				32B5A93321AFF13E000FA384 /* HouseTagCell.swift in Sources */,
				325F8C4721AE7323008812A0 /* HomeMainViewModel.swift in Sources */,
				327C29DB21B4C456001AAB0C /* UserInfoCell.swift in Sources */,
				32B5A92921AFE653000FA384 /* HouseCell.swift in Sources */,
				320C737A21AF9BA100AD34AB /* HomeBannerCell.swift in Sources */,
				327C29E421B51ACA001AAB0C /* Refreshable.swift in Sources */,
				32D99F2721B77B4E00960D6E /* Const.swift in Sources */,
				325F8C3E21AE448F008812A0 /* Internet.swift in Sources */,
				327C29DF21B50F10001AAB0C /* ProgressDelegate.swift in Sources */,
				325F8C4421AE6439008812A0 /* UserMainViewModel.swift in Sources */,
				325F8C3621AE448F008812A0 /* LoginController.swift in Sources */,
				324F9D5321B65FDA007E5280 /* AppManager.swift in Sources */,
				324F9D5121B620BC007E5280 /* BaseTabBar.swift in Sources */,
				324F9D4E21B61619007E5280 /* HouseDetailsController.swift in Sources */,
				32822AFE21B115B7000A75EE /* Tag.swift in Sources */,
				324F9D5621B68337007E5280 /* PopupController.swift in Sources */,
				32B5A93621AFF7F4000FA384 /* CGFloat+Extension.swift in Sources */,
			);
			runOnlyForDeploymentPostprocessing = 0;
		};
		325F8BEF21AE428C008812A0 /* Sources */ = {
			isa = PBXSourcesBuildPhase;
			buildActionMask = 2147483647;
			files = (
				325F8BF821AE428C008812A0 /* LookingForRoomTests.swift in Sources */,
			);
			runOnlyForDeploymentPostprocessing = 0;
		};
		325F8BFA21AE428C008812A0 /* Sources */ = {
			isa = PBXSourcesBuildPhase;
			buildActionMask = 2147483647;
			files = (
				325F8C0321AE428C008812A0 /* LookingForRoomUITests.swift in Sources */,
			);
			runOnlyForDeploymentPostprocessing = 0;
		};
/* End PBXSourcesBuildPhase section */

/* Begin PBXTargetDependency section */
		325F8BF521AE428C008812A0 /* PBXTargetDependency */ = {
			isa = PBXTargetDependency;
			target = 325F8BDE21AE4289008812A0 /* LookingForRoom */;
			targetProxy = 325F8BF421AE428C008812A0 /* PBXContainerItemProxy */;
		};
		325F8C0021AE428C008812A0 /* PBXTargetDependency */ = {
			isa = PBXTargetDependency;
			target = 325F8BDE21AE4289008812A0 /* LookingForRoom */;
			targetProxy = 325F8BFF21AE428C008812A0 /* PBXContainerItemProxy */;
		};
/* End PBXTargetDependency section */

/* Begin PBXVariantGroup section */
		325F8BEB21AE428C008812A0 /* LaunchScreen.storyboard */ = {
			isa = PBXVariantGroup;
			children = (
				325F8BEC21AE428C008812A0 /* Base */,
			);
			name = LaunchScreen.storyboard;
			sourceTree = "<group>";
		};
		325F8C1C21AE448F008812A0 /* Main.storyboard */ = {
			isa = PBXVariantGroup;
			children = (
				325F8C1D21AE448F008812A0 /* Base */,
			);
			name = Main.storyboard;
			sourceTree = "<group>";
		};
/* End PBXVariantGroup section */

/* Begin XCBuildConfiguration section */
		325F8C0521AE428C008812A0 /* Debug */ = {
			isa = XCBuildConfiguration;
			buildSettings = {
				ALWAYS_SEARCH_USER_PATHS = NO;
				CLANG_ANALYZER_NONNULL = YES;
				CLANG_ANALYZER_NUMBER_OBJECT_CONVERSION = YES_AGGRESSIVE;
				CLANG_CXX_LANGUAGE_STANDARD = "gnu++14";
				CLANG_CXX_LIBRARY = "libc++";
				CLANG_ENABLE_MODULES = YES;
				CLANG_ENABLE_OBJC_ARC = YES;
				CLANG_ENABLE_OBJC_WEAK = YES;
				CLANG_WARN_BLOCK_CAPTURE_AUTORELEASING = YES;
				CLANG_WARN_BOOL_CONVERSION = YES;
				CLANG_WARN_COMMA = YES;
				CLANG_WARN_CONSTANT_CONVERSION = YES;
				CLANG_WARN_DEPRECATED_OBJC_IMPLEMENTATIONS = YES;
				CLANG_WARN_DIRECT_OBJC_ISA_USAGE = YES_ERROR;
				CLANG_WARN_DOCUMENTATION_COMMENTS = YES;
				CLANG_WARN_EMPTY_BODY = YES;
				CLANG_WARN_ENUM_CONVERSION = YES;
				CLANG_WARN_INFINITE_RECURSION = YES;
				CLANG_WARN_INT_CONVERSION = YES;
				CLANG_WARN_NON_LITERAL_NULL_CONVERSION = YES;
				CLANG_WARN_OBJC_IMPLICIT_RETAIN_SELF = YES;
				CLANG_WARN_OBJC_LITERAL_CONVERSION = YES;
				CLANG_WARN_OBJC_ROOT_CLASS = YES_ERROR;
				CLANG_WARN_RANGE_LOOP_ANALYSIS = YES;
				CLANG_WARN_STRICT_PROTOTYPES = YES;
				CLANG_WARN_SUSPICIOUS_MOVE = YES;
				CLANG_WARN_UNGUARDED_AVAILABILITY = YES_AGGRESSIVE;
				CLANG_WARN_UNREACHABLE_CODE = YES;
				CLANG_WARN__DUPLICATE_METHOD_MATCH = YES;
				CODE_SIGN_IDENTITY = "iPhone Developer";
				COPY_PHASE_STRIP = NO;
				DEBUG_INFORMATION_FORMAT = dwarf;
				ENABLE_STRICT_OBJC_MSGSEND = YES;
				ENABLE_TESTABILITY = YES;
				GCC_C_LANGUAGE_STANDARD = gnu11;
				GCC_DYNAMIC_NO_PIC = NO;
				GCC_NO_COMMON_BLOCKS = YES;
				GCC_OPTIMIZATION_LEVEL = 0;
				GCC_PREPROCESSOR_DEFINITIONS = (
					"DEBUG=1",
					"$(inherited)",
				);
				GCC_WARN_64_TO_32_BIT_CONVERSION = YES;
				GCC_WARN_ABOUT_RETURN_TYPE = YES_ERROR;
				GCC_WARN_UNDECLARED_SELECTOR = YES;
				GCC_WARN_UNINITIALIZED_AUTOS = YES_AGGRESSIVE;
				GCC_WARN_UNUSED_FUNCTION = YES;
				GCC_WARN_UNUSED_VARIABLE = YES;
				IPHONEOS_DEPLOYMENT_TARGET = 12.1;
				MTL_ENABLE_DEBUG_INFO = INCLUDE_SOURCE;
				MTL_FAST_MATH = YES;
				ONLY_ACTIVE_ARCH = YES;
				SDKROOT = iphoneos;
				SWIFT_ACTIVE_COMPILATION_CONDITIONS = DEBUG;
				SWIFT_OPTIMIZATION_LEVEL = "-Onone";
			};
			name = Debug;
		};
		325F8C0621AE428C008812A0 /* Release */ = {
			isa = XCBuildConfiguration;
			buildSettings = {
				ALWAYS_SEARCH_USER_PATHS = NO;
				CLANG_ANALYZER_NONNULL = YES;
				CLANG_ANALYZER_NUMBER_OBJECT_CONVERSION = YES_AGGRESSIVE;
				CLANG_CXX_LANGUAGE_STANDARD = "gnu++14";
				CLANG_CXX_LIBRARY = "libc++";
				CLANG_ENABLE_MODULES = YES;
				CLANG_ENABLE_OBJC_ARC = YES;
				CLANG_ENABLE_OBJC_WEAK = YES;
				CLANG_WARN_BLOCK_CAPTURE_AUTORELEASING = YES;
				CLANG_WARN_BOOL_CONVERSION = YES;
				CLANG_WARN_COMMA = YES;
				CLANG_WARN_CONSTANT_CONVERSION = YES;
				CLANG_WARN_DEPRECATED_OBJC_IMPLEMENTATIONS = YES;
				CLANG_WARN_DIRECT_OBJC_ISA_USAGE = YES_ERROR;
				CLANG_WARN_DOCUMENTATION_COMMENTS = YES;
				CLANG_WARN_EMPTY_BODY = YES;
				CLANG_WARN_ENUM_CONVERSION = YES;
				CLANG_WARN_INFINITE_RECURSION = YES;
				CLANG_WARN_INT_CONVERSION = YES;
				CLANG_WARN_NON_LITERAL_NULL_CONVERSION = YES;
				CLANG_WARN_OBJC_IMPLICIT_RETAIN_SELF = YES;
				CLANG_WARN_OBJC_LITERAL_CONVERSION = YES;
				CLANG_WARN_OBJC_ROOT_CLASS = YES_ERROR;
				CLANG_WARN_RANGE_LOOP_ANALYSIS = YES;
				CLANG_WARN_STRICT_PROTOTYPES = YES;
				CLANG_WARN_SUSPICIOUS_MOVE = YES;
				CLANG_WARN_UNGUARDED_AVAILABILITY = YES_AGGRESSIVE;
				CLANG_WARN_UNREACHABLE_CODE = YES;
				CLANG_WARN__DUPLICATE_METHOD_MATCH = YES;
				CODE_SIGN_IDENTITY = "iPhone Developer";
				COPY_PHASE_STRIP = NO;
				DEBUG_INFORMATION_FORMAT = "dwarf-with-dsym";
				ENABLE_NS_ASSERTIONS = NO;
				ENABLE_STRICT_OBJC_MSGSEND = YES;
				GCC_C_LANGUAGE_STANDARD = gnu11;
				GCC_NO_COMMON_BLOCKS = YES;
				GCC_WARN_64_TO_32_BIT_CONVERSION = YES;
				GCC_WARN_ABOUT_RETURN_TYPE = YES_ERROR;
				GCC_WARN_UNDECLARED_SELECTOR = YES;
				GCC_WARN_UNINITIALIZED_AUTOS = YES_AGGRESSIVE;
				GCC_WARN_UNUSED_FUNCTION = YES;
				GCC_WARN_UNUSED_VARIABLE = YES;
				IPHONEOS_DEPLOYMENT_TARGET = 12.1;
				MTL_ENABLE_DEBUG_INFO = NO;
				MTL_FAST_MATH = YES;
				SDKROOT = iphoneos;
				SWIFT_COMPILATION_MODE = wholemodule;
				SWIFT_OPTIMIZATION_LEVEL = "-O";
				VALIDATE_PRODUCT = YES;
			};
			name = Release;
		};
		325F8C0821AE428C008812A0 /* Debug */ = {
			isa = XCBuildConfiguration;
			baseConfigurationReference = 7B7B4D247CA727401024E1F0 /* Pods-LookingForRoom.debug.xcconfig */;
			buildSettings = {
				ASSETCATALOG_COMPILER_APPICON_NAME = AppIcon;
				CODE_SIGN_STYLE = Automatic;
				DEVELOPMENT_TEAM = YNL49MB5R9;
				INFOPLIST_FILE = LookingForRoom/Info.plist;
				IPHONEOS_DEPLOYMENT_TARGET = 9.0;
				LD_RUNPATH_SEARCH_PATHS = (
					"$(inherited)",
					"@executable_path/Frameworks",
				);
				PRODUCT_BUNDLE_IDENTIFIER = YouYan.LookingForRoom;
				PRODUCT_NAME = "$(TARGET_NAME)";
				SWIFT_VERSION = 4.2;
				TARGETED_DEVICE_FAMILY = 1;
			};
			name = Debug;
		};
		325F8C0921AE428C008812A0 /* Release */ = {
			isa = XCBuildConfiguration;
			baseConfigurationReference = 3DA3BA37E2B89D9ED1662C4B /* Pods-LookingForRoom.release.xcconfig */;
			buildSettings = {
				ASSETCATALOG_COMPILER_APPICON_NAME = AppIcon;
				CODE_SIGN_STYLE = Automatic;
				DEVELOPMENT_TEAM = YNL49MB5R9;
				INFOPLIST_FILE = LookingForRoom/Info.plist;
				IPHONEOS_DEPLOYMENT_TARGET = 9.0;
				LD_RUNPATH_SEARCH_PATHS = (
					"$(inherited)",
					"@executable_path/Frameworks",
				);
				PRODUCT_BUNDLE_IDENTIFIER = YouYan.LookingForRoom;
				PRODUCT_NAME = "$(TARGET_NAME)";
				SWIFT_VERSION = 4.2;
				TARGETED_DEVICE_FAMILY = 1;
			};
			name = Release;
		};
		325F8C0B21AE428C008812A0 /* Debug */ = {
			isa = XCBuildConfiguration;
			baseConfigurationReference = FD1EE194F8C35CB206E822D3 /* Pods-LookingForRoomTests.debug.xcconfig */;
			buildSettings = {
				ALWAYS_EMBED_SWIFT_STANDARD_LIBRARIES = YES;
				BUNDLE_LOADER = "$(TEST_HOST)";
				CODE_SIGN_STYLE = Automatic;
				DEVELOPMENT_TEAM = YNL49MB5R9;
				INFOPLIST_FILE = LookingForRoomTests/Info.plist;
				LD_RUNPATH_SEARCH_PATHS = (
					"$(inherited)",
					"@executable_path/Frameworks",
					"@loader_path/Frameworks",
				);
				PRODUCT_BUNDLE_IDENTIFIER = YouYan.LookingForRoomTests;
				PRODUCT_NAME = "$(TARGET_NAME)";
				SWIFT_VERSION = 4.2;
				TARGETED_DEVICE_FAMILY = "1,2";
				TEST_HOST = "$(BUILT_PRODUCTS_DIR)/LookingForRoom.app/LookingForRoom";
			};
			name = Debug;
		};
		325F8C0C21AE428C008812A0 /* Release */ = {
			isa = XCBuildConfiguration;
			baseConfigurationReference = 9341DFDB6369F768C0E37917 /* Pods-LookingForRoomTests.release.xcconfig */;
			buildSettings = {
				ALWAYS_EMBED_SWIFT_STANDARD_LIBRARIES = YES;
				BUNDLE_LOADER = "$(TEST_HOST)";
				CODE_SIGN_STYLE = Automatic;
				DEVELOPMENT_TEAM = YNL49MB5R9;
				INFOPLIST_FILE = LookingForRoomTests/Info.plist;
				LD_RUNPATH_SEARCH_PATHS = (
					"$(inherited)",
					"@executable_path/Frameworks",
					"@loader_path/Frameworks",
				);
				PRODUCT_BUNDLE_IDENTIFIER = YouYan.LookingForRoomTests;
				PRODUCT_NAME = "$(TARGET_NAME)";
				SWIFT_VERSION = 4.2;
				TARGETED_DEVICE_FAMILY = "1,2";
				TEST_HOST = "$(BUILT_PRODUCTS_DIR)/LookingForRoom.app/LookingForRoom";
			};
			name = Release;
		};
		325F8C0E21AE428C008812A0 /* Debug */ = {
			isa = XCBuildConfiguration;
			baseConfigurationReference = 9EA7F9E37AACC52BA88194FD /* Pods-LookingForRoomUITests.debug.xcconfig */;
			buildSettings = {
				ALWAYS_EMBED_SWIFT_STANDARD_LIBRARIES = YES;
				CODE_SIGN_STYLE = Automatic;
				DEVELOPMENT_TEAM = YNL49MB5R9;
				INFOPLIST_FILE = LookingForRoomUITests/Info.plist;
				LD_RUNPATH_SEARCH_PATHS = (
					"$(inherited)",
					"@executable_path/Frameworks",
					"@loader_path/Frameworks",
				);
				PRODUCT_BUNDLE_IDENTIFIER = YouYan.LookingForRoomUITests;
				PRODUCT_NAME = "$(TARGET_NAME)";
				SWIFT_VERSION = 4.2;
				TARGETED_DEVICE_FAMILY = "1,2";
				TEST_TARGET_NAME = LookingForRoom;
			};
			name = Debug;
		};
		325F8C0F21AE428C008812A0 /* Release */ = {
			isa = XCBuildConfiguration;
			baseConfigurationReference = B8D7EB465D6723FD0AB26AB0 /* Pods-LookingForRoomUITests.release.xcconfig */;
			buildSettings = {
				ALWAYS_EMBED_SWIFT_STANDARD_LIBRARIES = YES;
				CODE_SIGN_STYLE = Automatic;
				DEVELOPMENT_TEAM = YNL49MB5R9;
				INFOPLIST_FILE = LookingForRoomUITests/Info.plist;
				LD_RUNPATH_SEARCH_PATHS = (
					"$(inherited)",
					"@executable_path/Frameworks",
					"@loader_path/Frameworks",
				);
				PRODUCT_BUNDLE_IDENTIFIER = YouYan.LookingForRoomUITests;
				PRODUCT_NAME = "$(TARGET_NAME)";
				SWIFT_VERSION = 4.2;
				TARGETED_DEVICE_FAMILY = "1,2";
				TEST_TARGET_NAME = LookingForRoom;
			};
			name = Release;
		};
/* End XCBuildConfiguration section */

/* Begin XCConfigurationList section */
		325F8BDA21AE4289008812A0 /* Build configuration list for PBXProject "LookingForRoom" */ = {
			isa = XCConfigurationList;
			buildConfigurations = (
				325F8C0521AE428C008812A0 /* Debug */,
				325F8C0621AE428C008812A0 /* Release */,
			);
			defaultConfigurationIsVisible = 0;
			defaultConfigurationName = Release;
		};
		325F8C0721AE428C008812A0 /* Build configuration list for PBXNativeTarget "LookingForRoom" */ = {
			isa = XCConfigurationList;
			buildConfigurations = (
				325F8C0821AE428C008812A0 /* Debug */,
				325F8C0921AE428C008812A0 /* Release */,
			);
			defaultConfigurationIsVisible = 0;
			defaultConfigurationName = Release;
		};
		325F8C0A21AE428C008812A0 /* Build configuration list for PBXNativeTarget "LookingForRoomTests" */ = {
			isa = XCConfigurationList;
			buildConfigurations = (
				325F8C0B21AE428C008812A0 /* Debug */,
				325F8C0C21AE428C008812A0 /* Release */,
			);
			defaultConfigurationIsVisible = 0;
			defaultConfigurationName = Release;
		};
		325F8C0D21AE428C008812A0 /* Build configuration list for PBXNativeTarget "LookingForRoomUITests" */ = {
			isa = XCConfigurationList;
			buildConfigurations = (
				325F8C0E21AE428C008812A0 /* Debug */,
				325F8C0F21AE428C008812A0 /* Release */,
			);
			defaultConfigurationIsVisible = 0;
			defaultConfigurationName = Release;
		};
/* End XCConfigurationList section */
	};
	rootObject = 325F8BD721AE4289008812A0 /* Project object */;
}
