PODS:
  - Alamofire (4.6.0)
  - Kingfisher (4.10.1)
  - MBProgressHUD (1.1.0)
  - Moya (12.0.1):
    - Moya/Core (= 12.0.1)
  - Moya/Core (12.0.1):
    - Alamofire (~> 4.1)
    - Result (~> 4.0)
  - ObjectMapper (3.3.0)
  - Result (4.0.0)

DEPENDENCIES:
  - Alamofire (= 4.6.0)
  - Kingfisher (= 4.10.1)
  - MBProgressHUD (= 1.1.0)
  - Moya (= 12.0.1)
  - ObjectMapper (= 3.3)

SPEC REPOS:
  https://github.com/cocoapods/specs.git:
    - Alamofire
    - Kingfisher
    - MBProgressHUD
    - Moya
    - ObjectMapper
    - Result

SPEC CHECKSUMS:
  Alamofire: f41a599bd63041760b26d393ec1069d9d7b917f4
  Kingfisher: c148cd7b47ebde9989f6bc7c27dcaa79d81279a0
  MBProgressHUD: e7baa36a220447d8aeb12769bf0585582f3866d9
  Moya: cf730b3cd9e005401ef37a85143aa141a12fd38f
  ObjectMapper: b612bf8c8e99c4dc0bb6013a51f7c27966ed5da9
  Result: 7645bb3f50c2ce726dd0ff2fa7b6f42bbe6c3713

PODFILE CHECKSUM: f644ccaba8ab578565adcb844ac6088b4acf6b21

COCOAPODS: 1.5.3
